
Microsoft Visual Studio Solution File, Format Version 12.00
# Visual Studio Version 17
VisualStudioVersion = 17.5.002.0
MinimumVisualStudioVersion = 10.0.40219.1
Project("{9A19103F-16F7-4668-BE54-9A1E7A4F7556}") = "StringExtractors", "src\StringExtractors.csproj", "{FE753866-8BF1-49C7-848E-BEFF7C82EDBA}"
EndProject
Project("{9A19103F-16F7-4668-BE54-9A1E7A4F7556}") = "test", "test\test.csproj", "{3772EC00-4152-4E27-951B-3F753A8797D6}"
EndProject
Global
	GlobalSection(SolutionConfigurationPlatforms) = preSolution
		Debug|Any CPU = Debug|Any CPU
		Release|Any CPU = Release|Any CPU
	EndGlobalSection
	GlobalSection(ProjectConfigurationPlatforms) = postSolution
		{FE753866-8BF1-49C7-848E-BEFF7C82EDBA}.Debug|Any CPU.ActiveCfg = Debug|Any CPU
		{FE753866-8BF1-49C7-848E-BEFF7C82EDBA}.Debug|Any CPU.Build.0 = Debug|Any CPU
		{FE753866-8BF1-49C7-848E-BEFF7C82EDBA}.Release|Any CPU.ActiveCfg = Release|Any CPU
		{FE753866-8BF1-49C7-848E-BEFF7C82EDBA}.Release|Any CPU.Build.0 = Release|Any CPU
		{3772EC00-4152-4E27-951B-3F753A8797D6}.Debug|Any CPU.ActiveCfg = Debug|Any CPU
		{3772EC00-4152-4E27-951B-3F753A8797D6}.Debug|Any CPU.Build.0 = Debug|Any CPU
		{3772EC00-4152-4E27-951B-3F753A8797D6}.Release|Any CPU.ActiveCfg = Release|Any CPU
		{3772EC00-4152-4E27-951B-3F753A8797D6}.Release|Any CPU.Build.0 = Release|Any CPU
	EndGlobalSection
	GlobalSection(SolutionProperties) = preSolution
		HideSolutionNode = FALSE
	EndGlobalSection
	GlobalSection(ExtensibilityGlobals) = postSolution
		SolutionGuid = {AA488B85-36AA-4368-B17F-F423A4FBABA9}
	EndGlobalSection
EndGlobal
